// !$*UTF8*$!
{
	archiveVersion = 1;
	classes = {
	};
	objectVersion = 46;
	objects = {

/* Begin PBXBuildFile section */
		210AFEBE1FC8D0D200A3F060 /* SuperheroViewController.swift in Sources */ = {isa = PBXBuildFile; fileRef = 210AFEBD1FC8D0D200A3F060 /* SuperheroViewController.swift */; };
		210AFEC01FC8D37900A3F060 /* PosterViewCell.swift in Sources */ = {isa = PBXBuildFile; fileRef = 210AFEBF1FC8D37900A3F060 /* PosterViewCell.swift */; };
		2174C4D31FC101AC00D26C86 /* MovieDetailsViewController.swift in Sources */ = {isa = PBXBuildFile; fileRef = 2174C4D21FC101AC00D26C86 /* MovieDetailsViewController.swift */; };
		21CCFE921FBFFE7A00061267 /* AppDelegate.swift in Sources */ = {isa = PBXBuildFile; fileRef = 21CCFE911FBFFE7A00061267 /* AppDelegate.swift */; };
		21CCFE971FBFFE7A00061267 /* Main.storyboard in Resources */ = {isa = PBXBuildFile; fileRef = 21CCFE951FBFFE7A00061267 /* Main.storyboard */; };
		21CCFE991FBFFE7A00061267 /* Assets.xcassets in Resources */ = {isa = PBXBuildFile; fileRef = 21CCFE981FBFFE7A00061267 /* Assets.xcassets */; };
		21CCFE9C1FBFFE7A00061267 /* LaunchScreen.storyboard in Resources */ = {isa = PBXBuildFile; fileRef = 21CCFE9A1FBFFE7A00061267 /* LaunchScreen.storyboard */; };
		21CCFEA41FBFFF3A00061267 /* NowPlayingViewController.swift in Sources */ = {isa = PBXBuildFile; fileRef = 21CCFEA31FBFFF3A00061267 /* NowPlayingViewController.swift */; };
		21CCFEA61FC0095300061267 /* MovieDatabase.swift in Sources */ = {isa = PBXBuildFile; fileRef = 21CCFEA51FC0095300061267 /* MovieDatabase.swift */; };
		21CCFEA81FC011F200061267 /* Movie.swift in Sources */ = {isa = PBXBuildFile; fileRef = 21CCFEA71FC011F200061267 /* Movie.swift */; };
		21CCFEAA1FC013F100061267 /* MovieCell.swift in Sources */ = {isa = PBXBuildFile; fileRef = 21CCFEA91FC013F100061267 /* MovieCell.swift */; };
		3BE9CBFE553E7345113515A5 /* Pods_FlixV2.framework in Frameworks */ = {isa = PBXBuildFile; fileRef = FB2B4F618E0AD6545884715A /* Pods_FlixV2.framework */; };
/* End PBXBuildFile section */

/* Begin PBXFileReference section */
		210AFEBD1FC8D0D200A3F060 /* SuperheroViewController.swift */ = {isa = PBXFileReference; fileEncoding = 4; lastKnownFileType = sourcecode.swift; path = SuperheroViewController.swift; sourceTree = "<group>"; };
		210AFEBF1FC8D37900A3F060 /* PosterViewCell.swift */ = {isa = PBXFileReference; fileEncoding = 4; lastKnownFileType = sourcecode.swift; path = PosterViewCell.swift; sourceTree = "<group>"; };
		2174C4D21FC101AC00D26C86 /* MovieDetailsViewController.swift */ = {isa = PBXFileReference; fileEncoding = 4; lastKnownFileType = sourcecode.swift; path = MovieDetailsViewController.swift; sourceTree = "<group>"; };
		21CCFE8E1FBFFE7A00061267 /* FlixV2.app */ = {isa = PBXFileReference; explicitFileType = wrapper.application; includeInIndex = 0; path = FlixV2.app; sourceTree = BUILT_PRODUCTS_DIR; };
		21CCFE911FBFFE7A00061267 /* AppDelegate.swift */ = {isa = PBXFileReference; lastKnownFileType = sourcecode.swift; path = AppDelegate.swift; sourceTree = "<group>"; };
		21CCFE961FBFFE7A00061267 /* Base */ = {isa = PBXFileReference; lastKnownFileType = file.storyboard; name = Base; path = Base.lproj/Main.storyboard; sourceTree = "<group>"; };
		21CCFE981FBFFE7A00061267 /* Assets.xcassets */ = {isa = PBXFileReference; lastKnownFileType = folder.assetcatalog; path = Assets.xcassets; sourceTree = "<group>"; };
		21CCFE9B1FBFFE7A00061267 /* Base */ = {isa = PBXFileReference; lastKnownFileType = file.storyboard; name = Base; path = Base.lproj/LaunchScreen.storyboard; sourceTree = "<group>"; };
		21CCFE9D1FBFFE7A00061267 /* Info.plist */ = {isa = PBXFileReference; lastKnownFileType = text.plist.xml; path = Info.plist; sourceTree = "<group>"; };
		21CCFEA31FBFFF3A00061267 /* NowPlayingViewController.swift */ = {isa = PBXFileReference; fileEncoding = 4; lastKnownFileType = sourcecode.swift; path = NowPlayingViewController.swift; sourceTree = "<group>"; };
		21CCFEA51FC0095300061267 /* MovieDatabase.swift */ = {isa = PBXFileReference; fileEncoding = 4; lastKnownFileType = sourcecode.swift; path = MovieDatabase.swift; sourceTree = "<group>"; };
		21CCFEA71FC011F200061267 /* Movie.swift */ = {isa = PBXFileReference; fileEncoding = 4; lastKnownFileType = sourcecode.swift; path = Movie.swift; sourceTree = "<group>"; };
		21CCFEA91FC013F100061267 /* MovieCell.swift */ = {isa = PBXFileReference; fileEncoding = 4; lastKnownFileType = sourcecode.swift; path = MovieCell.swift; sourceTree = "<group>"; };
		B08B821DF82BCE662F22BD11 /* Pods-FlixV2.release.xcconfig */ = {isa = PBXFileReference; includeInIndex = 1; lastKnownFileType = text.xcconfig; name = "Pods-FlixV2.release.xcconfig"; path = "Pods/Target Support Files/Pods-FlixV2/Pods-FlixV2.release.xcconfig"; sourceTree = "<group>"; };
		C58C26501DA3C6531D213966 /* Pods-FlixV2.debug.xcconfig */ = {isa = PBXFileReference; includeInIndex = 1; lastKnownFileType = text.xcconfig; name = "Pods-FlixV2.debug.xcconfig"; path = "Pods/Target Support Files/Pods-FlixV2/Pods-FlixV2.debug.xcconfig"; sourceTree = "<group>"; };
		FB2B4F618E0AD6545884715A /* Pods_FlixV2.framework */ = {isa = PBXFileReference; explicitFileType = wrapper.framework; includeInIndex = 0; path = Pods_FlixV2.framework; sourceTree = BUILT_PRODUCTS_DIR; };
/* End PBXFileReference section */

/* Begin PBXFrameworksBuildPhase section */
		21CCFE8B1FBFFE7A00061267 /* Frameworks */ = {
			isa = PBXFrameworksBuildPhase;
			buildActionMask = 2147483647;
			files = (
				3BE9CBFE553E7345113515A5 /* Pods_FlixV2.framework in Frameworks */,
			);
			runOnlyForDeploymentPostprocessing = 0;
		};
/* End PBXFrameworksBuildPhase section */

/* Begin PBXGroup section */
		21CCFE851FBFFE7A00061267 = {
			isa = PBXGroup;
			children = (
				21CCFE901FBFFE7A00061267 /* FlixV2 */,
				21CCFE8F1FBFFE7A00061267 /* Products */,
				3E820F8BF80A39C5C759A204 /* Pods */,
				943C6B0F1A7BDAAE61AC2A3B /* Frameworks */,
			);
			sourceTree = "<group>";
		};
		21CCFE8F1FBFFE7A00061267 /* Products */ = {
			isa = PBXGroup;
			children = (
				21CCFE8E1FBFFE7A00061267 /* FlixV2.app */,
			);
			name = Products;
			sourceTree = "<group>";
		};
		21CCFE901FBFFE7A00061267 /* FlixV2 */ = {
			isa = PBXGroup;
			children = (
				21CCFEAD1FC0141400061267 /* View Controller */,
				21CCFEAB1FC013FA00061267 /* Model */,
				21CCFE911FBFFE7A00061267 /* AppDelegate.swift */,
				21CCFE951FBFFE7A00061267 /* Main.storyboard */,
				21CCFE981FBFFE7A00061267 /* Assets.xcassets */,
				21CCFE9A1FBFFE7A00061267 /* LaunchScreen.storyboard */,
				21CCFE9D1FBFFE7A00061267 /* Info.plist */,
			);
			path = FlixV2;
			sourceTree = "<group>";
		};
		21CCFEAB1FC013FA00061267 /* Model */ = {
			isa = PBXGroup;
			children = (
				21CCFEA71FC011F200061267 /* Movie.swift */,
				21CCFEA51FC0095300061267 /* MovieDatabase.swift */,
			);
			name = Model;
			sourceTree = "<group>";
		};
		21CCFEAD1FC0141400061267 /* View Controller */ = {
			isa = PBXGroup;
			children = (
				21CCFEA31FBFFF3A00061267 /* NowPlayingViewController.swift */,
				21CCFEA91FC013F100061267 /* MovieCell.swift */,
				2174C4D21FC101AC00D26C86 /* MovieDetailsViewController.swift */,
				210AFEBD1FC8D0D200A3F060 /* SuperheroViewController.swift */,
				210AFEBF1FC8D37900A3F060 /* PosterViewCell.swift */,
			);
			name = "View Controller";
			sourceTree = "<group>";
		};
		3E820F8BF80A39C5C759A204 /* Pods */ = {
			isa = PBXGroup;
			children = (
				C58C26501DA3C6531D213966 /* Pods-FlixV2.debug.xcconfig */,
				B08B821DF82BCE662F22BD11 /* Pods-FlixV2.release.xcconfig */,
			);
			name = Pods;
			sourceTree = "<group>";
		};
		943C6B0F1A7BDAAE61AC2A3B /* Frameworks */ = {
			isa = PBXGroup;
			children = (
				FB2B4F618E0AD6545884715A /* Pods_FlixV2.framework */,
			);
			name = Frameworks;
			sourceTree = "<group>";
		};
/* End PBXGroup section */

/* Begin PBXNativeTarget section */
		21CCFE8D1FBFFE7A00061267 /* FlixV2 */ = {
			isa = PBXNativeTarget;
			buildConfigurationList = 21CCFEA01FBFFE7A00061267 /* Build configuration list for PBXNativeTarget "FlixV2" */;
			buildPhases = (
				DA9E441A01F00124C4D7ADA0 /* [CP] Check Pods Manifest.lock */,
				21CCFE8A1FBFFE7A00061267 /* Sources */,
				21CCFE8B1FBFFE7A00061267 /* Frameworks */,
				21CCFE8C1FBFFE7A00061267 /* Resources */,
				B150B9E70464D84505404D47 /* [CP] Embed Pods Frameworks */,
				DC042FDE6F8941AC2F6BE999 /* [CP] Copy Pods Resources */,
			);
			buildRules = (
			);
			dependencies = (
			);
			name = FlixV2;
			productName = FlixV2;
			productReference = 21CCFE8E1FBFFE7A00061267 /* FlixV2.app */;
			productType = "com.apple.product-type.application";
		};
/* End PBXNativeTarget section */

/* Begin PBXProject section */
		21CCFE861FBFFE7A00061267 /* Project object */ = {
			isa = PBXProject;
			attributes = {
				LastSwiftUpdateCheck = 0820;
				LastUpgradeCheck = 0820;
				ORGANIZATIONNAME = "Madel Asistio";
				TargetAttributes = {
					21CCFE8D1FBFFE7A00061267 = {
						CreatedOnToolsVersion = 8.2.1;
						DevelopmentTeam = WFB978387N;
						ProvisioningStyle = Automatic;
					};
				};
			};
			buildConfigurationList = 21CCFE891FBFFE7A00061267 /* Build configuration list for PBXProject "FlixV2" */;
			compatibilityVersion = "Xcode 3.2";
			developmentRegion = English;
			hasScannedForEncodings = 0;
			knownRegions = (
				en,
				Base,
			);
			mainGroup = 21CCFE851FBFFE7A00061267;
			productRefGroup = 21CCFE8F1FBFFE7A00061267 /* Products */;
			projectDirPath = "";
			projectRoot = "";
			targets = (
				21CCFE8D1FBFFE7A00061267 /* FlixV2 */,
			);
		};
/* End PBXProject section */

/* Begin PBXResourcesBuildPhase section */
		21CCFE8C1FBFFE7A00061267 /* Resources */ = {
			isa = PBXResourcesBuildPhase;
			buildActionMask = 2147483647;
			files = (
				21CCFE9C1FBFFE7A00061267 /* LaunchScreen.storyboard in Resources */,
				21CCFE991FBFFE7A00061267 /* Assets.xcassets in Resources */,
				21CCFE971FBFFE7A00061267 /* Main.storyboard in Resources */,
			);
			runOnlyForDeploymentPostprocessing = 0;
		};
/* End PBXResourcesBuildPhase section */

/* Begin PBXShellScriptBuildPhase section */
		B150B9E70464D84505404D47 /* [CP] Embed Pods Frameworks */ = {
			isa = PBXShellScriptBuildPhase;
			buildActionMask = 2147483647;
			files = (
			);
			inputPaths = (
				"${SRCROOT}/Pods/Target Support Files/Pods-FlixV2/Pods-FlixV2-frameworks.sh",
				"${BUILT_PRODUCTS_DIR}/Alamofire/Alamofire.framework",
				"${BUILT_PRODUCTS_DIR}/AlamofireImage/AlamofireImage.framework",
			);
			name = "[CP] Embed Pods Frameworks";
			outputPaths = (
				"${TARGET_BUILD_DIR}/${FRAMEWORKS_FOLDER_PATH}/Alamofire.framework",
				"${TARGET_BUILD_DIR}/${FRAMEWORKS_FOLDER_PATH}/AlamofireImage.framework",
			);
			runOnlyForDeploymentPostprocessing = 0;
			shellPath = /bin/sh;
			shellScript = "\"${SRCROOT}/Pods/Target Support Files/Pods-FlixV2/Pods-FlixV2-frameworks.sh\"\n";
			showEnvVarsInLog = 0;
		};
		DA9E441A01F00124C4D7ADA0 /* [CP] Check Pods Manifest.lock */ = {
			isa = PBXShellScriptBuildPhase;
			buildActionMask = 2147483647;
			files = (
			);
			inputPaths = (
				"${PODS_PODFILE_DIR_PATH}/Podfile.lock",
				"${PODS_ROOT}/Manifest.lock",
			);
			name = "[CP] Check Pods Manifest.lock";
			outputPaths = (
				"$(DERIVED_FILE_DIR)/Pods-FlixV2-checkManifestLockResult.txt",
			);
			runOnlyForDeploymentPostprocessing = 0;
			shellPath = /bin/sh;
			shellScript = "diff \"${PODS_PODFILE_DIR_PATH}/Podfile.lock\" \"${PODS_ROOT}/Manifest.lock\" > /dev/null\nif [ $? != 0 ] ; then\n    # print error to STDERR\n    echo \"error: The sandbox is not in sync with the Podfile.lock. Run 'pod install' or update your CocoaPods installation.\" >&2\n    exit 1\nfi\n# This output is used by Xcode 'outputs' to avoid re-running this script phase.\necho \"SUCCESS\" > \"${SCRIPT_OUTPUT_FILE_0}\"\n";
			showEnvVarsInLog = 0;
		};
		DC042FDE6F8941AC2F6BE999 /* [CP] Copy Pods Resources */ = {
			isa = PBXShellScriptBuildPhase;
			buildActionMask = 2147483647;
			files = (
			);
			inputPaths = (
			);
			name = "[CP] Copy Pods Resources";
			outputPaths = (
			);
			runOnlyForDeploymentPostprocessing = 0;
			shellPath = /bin/sh;
			shellScript = "\"${SRCROOT}/Pods/Target Support Files/Pods-FlixV2/Pods-FlixV2-resources.sh\"\n";
			showEnvVarsInLog = 0;
		};
/* End PBXShellScriptBuildPhase section */

/* Begin PBXSourcesBuildPhase section */
		21CCFE8A1FBFFE7A00061267 /* Sources */ = {
			isa = PBXSourcesBuildPhase;
			buildActionMask = 2147483647;
			files = (
				21CCFEA61FC0095300061267 /* MovieDatabase.swift in Sources */,
				21CCFEA41FBFFF3A00061267 /* NowPlayingViewController.swift in Sources */,
				2174C4D31FC101AC00D26C86 /* MovieDetailsViewController.swift in Sources */,
				21CCFEA81FC011F200061267 /* Movie.swift in Sources */,
				210AFEBE1FC8D0D200A3F060 /* SuperheroViewController.swift in Sources */,
				21CCFEAA1FC013F100061267 /* MovieCell.swift in Sources */,
				21CCFE921FBFFE7A00061267 /* AppDelegate.swift in Sources */,
				210AFEC01FC8D37900A3F060 /* PosterViewCell.swift in Sources */,
			);
			runOnlyForDeploymentPostprocessing = 0;
		};
/* End PBXSourcesBuildPhase section */

/* Begin PBXVariantGroup section */
		21CCFE951FBFFE7A00061267 /* Main.storyboard */ = {
			isa = PBXVariantGroup;
			children = (
				21CCFE961FBFFE7A00061267 /* Base */,
			);
			name = Main.storyboard;
			sourceTree = "<group>";
		};
		21CCFE9A1FBFFE7A00061267 /* LaunchScreen.storyboard */ = {
			isa = PBXVariantGroup;
			children = (
				21CCFE9B1FBFFE7A00061267 /* Base */,
			);
			name = LaunchScreen.storyboard;
			sourceTree = "<group>";
		};
/* End PBXVariantGroup section */

/* Begin XCBuildConfiguration section */
		21CCFE9E1FBFFE7A00061267 /* Debug */ = {
			isa = XCBuildConfiguration;
			buildSettings = {
				ALWAYS_SEARCH_USER_PATHS = NO;
				CLANG_ANALYZER_NONNULL = YES;
				CLANG_CXX_LANGUAGE_STANDARD = "gnu++0x";
				CLANG_CXX_LIBRARY = "libc++";
				CLANG_ENABLE_MODULES = YES;
				CLANG_ENABLE_OBJC_ARC = YES;
				CLANG_WARN_BOOL_CONVERSION = YES;
				CLANG_WARN_CONSTANT_CONVERSION = YES;
				CLANG_WARN_DIRECT_OBJC_ISA_USAGE = YES_ERROR;
				CLANG_WARN_DOCUMENTATION_COMMENTS = YES;
				CLANG_WARN_EMPTY_BODY = YES;
				CLANG_WARN_ENUM_CONVERSION = YES;
				CLANG_WARN_INFINITE_RECURSION = YES;
				CLANG_WARN_INT_CONVERSION = YES;
				CLANG_WARN_OBJC_ROOT_CLASS = YES_ERROR;
				CLANG_WARN_SUSPICIOUS_MOVE = YES;
				CLANG_WARN_UNREACHABLE_CODE = YES;
				CLANG_WARN__DUPLICATE_METHOD_MATCH = YES;
				"CODE_SIGN_IDENTITY[sdk=iphoneos*]" = "iPhone Developer";
				COPY_PHASE_STRIP = NO;
				DEBUG_INFORMATION_FORMAT = dwarf;
				ENABLE_STRICT_OBJC_MSGSEND = YES;
				ENABLE_TESTABILITY = YES;
				GCC_C_LANGUAGE_STANDARD = gnu99;
				GCC_DYNAMIC_NO_PIC = NO;
				GCC_NO_COMMON_BLOCKS = YES;
				GCC_OPTIMIZATION_LEVEL = 0;
				GCC_PREPROCESSOR_DEFINITIONS = (
					"DEBUG=1",
					"$(inherited)",
				);
				GCC_WARN_64_TO_32_BIT_CONVERSION = YES;
				GCC_WARN_ABOUT_RETURN_TYPE = YES_ERROR;
				GCC_WARN_UNDECLARED_SELECTOR = YES;
				GCC_WARN_UNINITIALIZED_AUTOS = YES_AGGRESSIVE;
				GCC_WARN_UNUSED_FUNCTION = YES;
				GCC_WARN_UNUSED_VARIABLE = YES;
				IPHONEOS_DEPLOYMENT_TARGET = 10.2;
				MTL_ENABLE_DEBUG_INFO = YES;
				ONLY_ACTIVE_ARCH = YES;
				SDKROOT = iphoneos;
				SWIFT_ACTIVE_COMPILATION_CONDITIONS = DEBUG;
				SWIFT_OPTIMIZATION_LEVEL = "-Onone";
			};
			name = Debug;
		};
		21CCFE9F1FBFFE7A00061267 /* Release */ = {
			isa = XCBuildConfiguration;
			buildSettings = {
				ALWAYS_SEARCH_USER_PATHS = NO;
				CLANG_ANALYZER_NONNULL = YES;
				CLANG_CXX_LANGUAGE_STANDARD = "gnu++0x";
				CLANG_CXX_LIBRARY = "libc++";
				CLANG_ENABLE_MODULES = YES;
				CLANG_ENABLE_OBJC_ARC = YES;
				CLANG_WARN_BOOL_CONVERSION = YES;
				CLANG_WARN_CONSTANT_CONVERSION = YES;
				CLANG_WARN_DIRECT_OBJC_ISA_USAGE = YES_ERROR;
				CLANG_WARN_DOCUMENTATION_COMMENTS = YES;
				CLANG_WARN_EMPTY_BODY = YES;
				CLANG_WARN_ENUM_CONVERSION = YES;
				CLANG_WARN_INFINITE_RECURSION = YES;
				CLANG_WARN_INT_CONVERSION = YES;
				CLANG_WARN_OBJC_ROOT_CLASS = YES_ERROR;
				CLANG_WARN_SUSPICIOUS_MOVE = YES;
				CLANG_WARN_UNREACHABLE_CODE = YES;
				CLANG_WARN__DUPLICATE_METHOD_MATCH = YES;
				"CODE_SIGN_IDENTITY[sdk=iphoneos*]" = "iPhone Developer";
				COPY_PHASE_STRIP = NO;
				DEBUG_INFORMATION_FORMAT = "dwarf-with-dsym";
				ENABLE_NS_ASSERTIONS = NO;
				ENABLE_STRICT_OBJC_MSGSEND = YES;
				GCC_C_LANGUAGE_STANDARD = gnu99;
				GCC_NO_COMMON_BLOCKS = YES;
				GCC_WARN_64_TO_32_BIT_CONVERSION = YES;
				GCC_WARN_ABOUT_RETURN_TYPE = YES_ERROR;
				GCC_WARN_UNDECLARED_SELECTOR = YES;
				GCC_WARN_UNINITIALIZED_AUTOS = YES_AGGRESSIVE;
				GCC_WARN_UNUSED_FUNCTION = YES;
				GCC_WARN_UNUSED_VARIABLE = YES;
				IPHONEOS_DEPLOYMENT_TARGET = 10.2;
				MTL_ENABLE_DEBUG_INFO = NO;
				SDKROOT = iphoneos;
				SWIFT_OPTIMIZATION_LEVEL = "-Owholemodule";
				VALIDATE_PRODUCT = YES;
			};
			name = Release;
		};
		21CCFEA11FBFFE7A00061267 /* Debug */ = {
			isa = XCBuildConfiguration;
			baseConfigurationReference = C58C26501DA3C6531D213966 /* Pods-FlixV2.debug.xcconfig */;
			buildSettings = {
				ASSETCATALOG_COMPILER_APPICON_NAME = AppIcon;
				DEVELOPMENT_TEAM = WFB978387N;
				INFOPLIST_FILE = FlixV2/Info.plist;
				LD_RUNPATH_SEARCH_PATHS = "$(inherited) @executable_path/Frameworks";
				PRODUCT_BUNDLE_IDENTIFIER = Asistio.FlixV2;
				PRODUCT_NAME = "$(TARGET_NAME)";
				SWIFT_VERSION = 3.0;
			};
			name = Debug;
		};
		21CCFEA21FBFFE7A00061267 /* Release */ = {
			isa = XCBuildConfiguration;
			baseConfigurationReference = B08B821DF82BCE662F22BD11 /* Pods-FlixV2.release.xcconfig */;
			buildSettings = {
				ASSETCATALOG_COMPILER_APPICON_NAME = AppIcon;
				DEVELOPMENT_TEAM = WFB978387N;
				INFOPLIST_FILE = FlixV2/Info.plist;
				LD_RUNPATH_SEARCH_PATHS = "$(inherited) @executable_path/Frameworks";
				PRODUCT_BUNDLE_IDENTIFIER = Asistio.FlixV2;
				PRODUCT_NAME = "$(TARGET_NAME)";
				SWIFT_VERSION = 3.0;
			};
			name = Release;
		};
/* End XCBuildConfiguration section */

/* Begin XCConfigurationList section */
		21CCFE891FBFFE7A00061267 /* Build configuration list for PBXProject "FlixV2" */ = {
			isa = XCConfigurationList;
			buildConfigurations = (
				21CCFE9E1FBFFE7A00061267 /* Debug */,
				21CCFE9F1FBFFE7A00061267 /* Release */,
			);
			defaultConfigurationIsVisible = 0;
			defaultConfigurationName = Release;
		};
		21CCFEA01FBFFE7A00061267 /* Build configuration list for PBXNativeTarget "FlixV2" */ = {
			isa = XCConfigurationList;
			buildConfigurations = (
				21CCFEA11FBFFE7A00061267 /* Debug */,
				21CCFEA21FBFFE7A00061267 /* Release */,
			);
			defaultConfigurationIsVisible = 0;
			defaultConfigurationName = Release;
		};
/* End XCConfigurationList section */
	};
	rootObject = 21CCFE861FBFFE7A00061267 /* Project object */;
}
